Microsoft Visual Studio Solution File, Format Version 8.00
Project("{8BC9CEB8-8B4A-11D0-8D11-00A0C91BC942}") = "DWFGoogleDesktopCrawl", "DWFGoogleDesktopCrawl.vcproj", "{E6486B79-00C0-45A7-AE12-389C7A298696}"
	ProjectSection(ProjectDependencies) = postProject
	EndProjectSection
EndProject
Global
	GlobalSection(SolutionConfiguration) = preSolution
		Debug = Debug
		Release = Release
	EndGlobalSection
	GlobalSection(ProjectConfiguration) = postSolution
		{E6486B79-00C0-45A7-AE12-389C7A298696}.Debug.ActiveCfg = Debug|Win32
		{E6486B79-00C0-45A7-AE12-389C7A298696}.Debug.Build.0 = Debug|Win32
		{E6486B79-00C0-45A7-AE12-389C7A298696}.Release.ActiveCfg = Release|Win32
		{E6486B79-00C0-45A7-AE12-389C7A298696}.Release.Build.0 = Release|Win32
	EndGlobalSection
	GlobalSection(ExtensibilityGlobals) = postSolution
	EndGlobalSection
	GlobalSection(ExtensibilityAddIns) = postSolution
	EndGlobalSection
EndGlobal
