
Microsoft Visual Studio Solution File, Format Version 9.00
# Visual Studio 2005
Project("{8BC9CEB8-8B4A-11D0-8D11-00A0C91BC942}") = "SimpleEnumReader", "SimpleEnumReader_vc80.vcproj", "{9E22363E-A36B-4038-B3F2-71C17727077A}"
EndProject
Global
	GlobalSection(SolutionConfigurationPlatforms) = preSolution
		Debug (Read-Only DLL)|Win32 = Debug (Read-Only DLL)|Win32
		Debug (Read-Only LIB)|Win32 = Debug (Read-Only LIB)|Win32
		Release (Read-Only DLL)|Win32 = Release (Read-Only DLL)|Win32
		Release (Read-Only LIB)|Win32 = Release (Read-Only LIB)|Win32
	EndGlobalSection
	GlobalSection(ProjectConfigurationPlatforms) = postSolution
		{9E22363E-A36B-4038-B3F2-71C17727077A}.Debug (Read-Only DLL)|Win32.ActiveCfg = Debug (Read-Only DLL)|Win32
		{9E22363E-A36B-4038-B3F2-71C17727077A}.Debug (Read-Only DLL)|Win32.Build.0 = Debug (Read-Only DLL)|Win32
		{9E22363E-A36B-4038-B3F2-71C17727077A}.Debug (Read-Only LIB)|Win32.ActiveCfg = Debug (Read-Only LIB)|Win32
		{9E22363E-A36B-4038-B3F2-71C17727077A}.Debug (Read-Only LIB)|Win32.Build.0 = Debug (Read-Only LIB)|Win32
		{9E22363E-A36B-4038-B3F2-71C17727077A}.Release (Read-Only DLL)|Win32.ActiveCfg = Release (Read-Only DLL)|Win32
		{9E22363E-A36B-4038-B3F2-71C17727077A}.Release (Read-Only DLL)|Win32.Build.0 = Release (Read-Only DLL)|Win32
		{9E22363E-A36B-4038-B3F2-71C17727077A}.Release (Read-Only LIB)|Win32.ActiveCfg = Release (Read-Only LIB)|Win32
		{9E22363E-A36B-4038-B3F2-71C17727077A}.Release (Read-Only LIB)|Win32.Build.0 = Release (Read-Only LIB)|Win32
	EndGlobalSection
	GlobalSection(SolutionProperties) = preSolution
		HideSolutionNode = FALSE
	EndGlobalSection
EndGlobal
