Microsoft Visual Studio Solution File, Format Version 8.00
Project("{8BC9CEB8-8B4A-11D0-8D11-00A0C91BC942}") = "DWF Core Library (1.0.2)", "..\..\..\develop\global\build\VC 7.1\DWFCore\DWFCore.vcproj", "{8BECE007-1749-4300-87D8-267B613AAE6B}"
	ProjectSection(ProjectDependencies) = postProject
	EndProjectSection
EndProject
Project("{8BC9CEB8-8B4A-11D0-8D11-00A0C91BC942}") = "DWF Toolkit (7.0.2)", "..\..\..\develop\global\build\VC 7.1\DWFToolkit\DWFToolkit.vcproj", "{2D22C637-6219-4096-8399-EEA4BBD142AA}"
	ProjectSection(ProjectDependencies) = postProject
	EndProjectSection
EndProject
Project("{8BC9CEB8-8B4A-11D0-8D11-00A0C91BC942}") = "SimpleW3DStreamProcessor", "SimpleW3DStreamProcessor.vcproj", "{9E22367E-A36B-4883-B3F2-71C17727077A}"
	ProjectSection(ProjectDependencies) = postProject
		{8BECE007-1749-4300-87D8-267B613AAE6B} = {8BECE007-1749-4300-87D8-267B613AAE6B}
		{2D22C637-6219-4096-8399-EEA4BBD142AA} = {2D22C637-6219-4096-8399-EEA4BBD142AA}
		{9415DE9A-E01E-47C1-A159-EB1E1D4E518C} = {9415DE9A-E01E-47C1-A159-EB1E1D4E518C}
	EndProjectSection
EndProject
Project("{8BC9CEB8-8B4A-11D0-8D11-00A0C91BC942}") = "DWF W3D Toolkit (1.0.1000)", "..\..\..\develop\global\build\VC 7.1\W3DToolkit\W3DToolkit.vcproj", "{9415DE9A-E01E-47C1-A159-EB1E1D4E518C}"
	ProjectSection(ProjectDependencies) = postProject
	EndProjectSection
EndProject
Global
	GlobalSection(SolutionConfiguration) = preSolution
		Debug (Read-Only DLL) = Debug (Read-Only DLL)
		Debug (Read-Only LIB) = Debug (Read-Only LIB)
		Release (Read-Only DLL) = Release (Read-Only DLL)
		Release (Read-Only LIB) = Release (Read-Only LIB)
	EndGlobalSection
	GlobalSection(ProjectConfiguration) = postSolution
		{8BECE007-1749-4300-87D8-267B613AAE6B}.Debug (Read-Only DLL).ActiveCfg = Debug (Read-Write DLL)|Win32
		{8BECE007-1749-4300-87D8-267B613AAE6B}.Debug (Read-Only DLL).Build.0 = Debug (Read-Write DLL)|Win32
		{8BECE007-1749-4300-87D8-267B613AAE6B}.Debug (Read-Only LIB).ActiveCfg = Debug (Read-Write LIB)|Win32
		{8BECE007-1749-4300-87D8-267B613AAE6B}.Debug (Read-Only LIB).Build.0 = Debug (Read-Write LIB)|Win32
		{8BECE007-1749-4300-87D8-267B613AAE6B}.Release (Read-Only DLL).ActiveCfg = Release (Read-Write DLL)|Win32
		{8BECE007-1749-4300-87D8-267B613AAE6B}.Release (Read-Only DLL).Build.0 = Release (Read-Write DLL)|Win32
		{8BECE007-1749-4300-87D8-267B613AAE6B}.Release (Read-Only LIB).ActiveCfg = Release (Read-Write LIB)|Win32
		{8BECE007-1749-4300-87D8-267B613AAE6B}.Release (Read-Only LIB).Build.0 = Release (Read-Write LIB)|Win32
		{2D22C637-6219-4096-8399-EEA4BBD142AA}.Debug (Read-Only DLL).ActiveCfg = Debug (Read-Only DLL)|Win32
		{2D22C637-6219-4096-8399-EEA4BBD142AA}.Debug (Read-Only DLL).Build.0 = Debug (Read-Only DLL)|Win32
		{2D22C637-6219-4096-8399-EEA4BBD142AA}.Debug (Read-Only LIB).ActiveCfg = Debug (Read-Only LIB)|Win32
		{2D22C637-6219-4096-8399-EEA4BBD142AA}.Debug (Read-Only LIB).Build.0 = Debug (Read-Only LIB)|Win32
		{2D22C637-6219-4096-8399-EEA4BBD142AA}.Release (Read-Only DLL).ActiveCfg = Release (Read-Only DLL)|Win32
		{2D22C637-6219-4096-8399-EEA4BBD142AA}.Release (Read-Only DLL).Build.0 = Release (Read-Only DLL)|Win32
		{2D22C637-6219-4096-8399-EEA4BBD142AA}.Release (Read-Only LIB).ActiveCfg = Release (Read-Only LIB)|Win32
		{2D22C637-6219-4096-8399-EEA4BBD142AA}.Release (Read-Only LIB).Build.0 = Release (Read-Only LIB)|Win32
		{9E22367E-A36B-4883-B3F2-71C17727077A}.Debug (Read-Only DLL).ActiveCfg = Debug (Read-Only DLL)|Win32
		{9E22367E-A36B-4883-B3F2-71C17727077A}.Debug (Read-Only DLL).Build.0 = Debug (Read-Only DLL)|Win32
		{9E22367E-A36B-4883-B3F2-71C17727077A}.Debug (Read-Only LIB).ActiveCfg = Debug (Read-Only LIB)|Win32
		{9E22367E-A36B-4883-B3F2-71C17727077A}.Debug (Read-Only LIB).Build.0 = Debug (Read-Only LIB)|Win32
		{9E22367E-A36B-4883-B3F2-71C17727077A}.Release (Read-Only DLL).ActiveCfg = Release (Read-Only DLL)|Win32
		{9E22367E-A36B-4883-B3F2-71C17727077A}.Release (Read-Only DLL).Build.0 = Release (Read-Only DLL)|Win32
		{9E22367E-A36B-4883-B3F2-71C17727077A}.Release (Read-Only LIB).ActiveCfg = Release (Read-Only LIB)|Win32
		{9E22367E-A36B-4883-B3F2-71C17727077A}.Release (Read-Only LIB).Build.0 = Release (Read-Only LIB)|Win32
		{9415DE9A-E01E-47C1-A159-EB1E1D4E518C}.Debug (Read-Only DLL).ActiveCfg = Debug (Read-Only DLL)|Win32
		{9415DE9A-E01E-47C1-A159-EB1E1D4E518C}.Debug (Read-Only DLL).Build.0 = Debug (Read-Only DLL)|Win32
		{9415DE9A-E01E-47C1-A159-EB1E1D4E518C}.Debug (Read-Only LIB).ActiveCfg = Debug (Read-Only LIB)|Win32
		{9415DE9A-E01E-47C1-A159-EB1E1D4E518C}.Debug (Read-Only LIB).Build.0 = Debug (Read-Only LIB)|Win32
		{9415DE9A-E01E-47C1-A159-EB1E1D4E518C}.Release (Read-Only DLL).ActiveCfg = Release (Read-Only DLL)|Win32
		{9415DE9A-E01E-47C1-A159-EB1E1D4E518C}.Release (Read-Only DLL).Build.0 = Release (Read-Only DLL)|Win32
		{9415DE9A-E01E-47C1-A159-EB1E1D4E518C}.Release (Read-Only LIB).ActiveCfg = Release (Read-Only LIB)|Win32
		{9415DE9A-E01E-47C1-A159-EB1E1D4E518C}.Release (Read-Only LIB).Build.0 = Release (Read-Only LIB)|Win32
	EndGlobalSection
	GlobalSection(ExtensibilityGlobals) = postSolution
	EndGlobalSection
	GlobalSection(ExtensibilityAddIns) = postSolution
	EndGlobalSection
EndGlobal
