Microsoft Visual Studio Solution File, Format Version 8.00
Project("{FAE04EC0-301F-11D3-BF4B-00C04F79EFBC}") = "VaultBulkUploader", "VaultBulkUploader.csproj", "{701EE9A5-D596-4E0F-A5A0-5E25BD21002A}"
	ProjectSection(ProjectDependencies) = postProject
	EndProjectSection
EndProject
Project("{54435603-DBB4-11D2-8724-00A0C9A8B90C}") = "Install", "Install\Install.vdproj", "{601427D9-31EB-4A51-8686-F8E523A52E5B}"
	ProjectSection(ProjectDependencies) = postProject
	EndProjectSection
EndProject
Global
	GlobalSection(SolutionConfiguration) = preSolution
		Debug = Debug
		Release = Release
	EndGlobalSection
	GlobalSection(ProjectConfiguration) = postSolution
		{701EE9A5-D596-4E0F-A5A0-5E25BD21002A}.Debug.ActiveCfg = Debug|.NET
		{701EE9A5-D596-4E0F-A5A0-5E25BD21002A}.Debug.Build.0 = Debug|.NET
		{701EE9A5-D596-4E0F-A5A0-5E25BD21002A}.Release.ActiveCfg = Release|.NET
		{701EE9A5-D596-4E0F-A5A0-5E25BD21002A}.Release.Build.0 = Release|.NET
		{601427D9-31EB-4A51-8686-F8E523A52E5B}.Debug.ActiveCfg = Debug
		{601427D9-31EB-4A51-8686-F8E523A52E5B}.Release.ActiveCfg = Release
		{601427D9-31EB-4A51-8686-F8E523A52E5B}.Release.Build.0 = Release
	EndGlobalSection
	GlobalSection(ExtensibilityGlobals) = postSolution
	EndGlobalSection
	GlobalSection(ExtensibilityAddIns) = postSolution
	EndGlobalSection
EndGlobal
