Microsoft Visual Studio Solution File, Format Version 8.00
Project("{FAE04EC0-301F-11D3-BF4B-00C04F79EFBC}") = "VaultDependencies", "VaultDependencies.csproj", "{CBDE3796-29C3-4860-87F7-8F38B9D35BF4}"
	ProjectSection(ProjectDependencies) = postProject
	EndProjectSection
EndProject
Global
	GlobalSection(SolutionConfiguration) = preSolution
		Debug = Debug
		Release = Release
	EndGlobalSection
	GlobalSection(ProjectConfiguration) = postSolution
		{CBDE3796-29C3-4860-87F7-8F38B9D35BF4}.Debug.ActiveCfg = Debug|.NET
		{CBDE3796-29C3-4860-87F7-8F38B9D35BF4}.Debug.Build.0 = Debug|.NET
		{CBDE3796-29C3-4860-87F7-8F38B9D35BF4}.Release.ActiveCfg = Release|.NET
		{CBDE3796-29C3-4860-87F7-8F38B9D35BF4}.Release.Build.0 = Release|.NET
	EndGlobalSection
	GlobalSection(ExtensibilityGlobals) = postSolution
	EndGlobalSection
	GlobalSection(ExtensibilityAddIns) = postSolution
	EndGlobalSection
EndGlobal
