Microsoft Visual Studio Solution File, Format Version 8.00
Project("{FAE04EC0-301F-11D3-BF4B-00C04F79EFBC}") = "FileOpeningSampleCSharp", "FileOpeningSampleCSharp.csproj", "{BF44897C-F35B-4DE7-8378-D0DA09596951}"
	ProjectSection(ProjectDependencies) = postProject
	EndProjectSection
EndProject
Global
	GlobalSection(SolutionConfiguration) = preSolution
		Debug = Debug
		Release = Release
	EndGlobalSection
	GlobalSection(ProjectConfiguration) = postSolution
		{BF44897C-F35B-4DE7-8378-D0DA09596951}.Debug.ActiveCfg = Debug|.NET
		{BF44897C-F35B-4DE7-8378-D0DA09596951}.Debug.Build.0 = Debug|.NET
		{BF44897C-F35B-4DE7-8378-D0DA09596951}.Release.ActiveCfg = Release|.NET
		{BF44897C-F35B-4DE7-8378-D0DA09596951}.Release.Build.0 = Release|.NET
	EndGlobalSection
	GlobalSection(ExtensibilityGlobals) = postSolution
	EndGlobalSection
	GlobalSection(ExtensibilityAddIns) = postSolution
	EndGlobalSection
EndGlobal
